
Microsoft Visual Studio Solution File, Format Version 12.00
# Visual Studio Version 17
VisualStudioVersion = 17.9.34616.47
MinimumVisualStudioVersion = 10.0.40219.1
Project("{9A19103F-16F7-4668-BE54-9A1E7A4F7556}") = "youtube_downloader_plus", "youtube_downloader_plus.csproj", "{E35C60D4-6C0B-4D91-8625-7DBD67CA44FF}"
EndProject
Project("{9A19103F-16F7-4668-BE54-9A1E7A4F7556}") = "youtube_downloader_plus.Desktop", "..\youtube_downloader_plus.Desktop\youtube_downloader_plus.Desktop.csproj", "{F61650A3-C05A-4C5D-A3A9-3E561CAD7115}"
EndProject
Global
	GlobalSection(SolutionConfigurationPlatforms) = preSolution
		Debug|Any CPU = Debug|Any CPU
		Release|Any CPU = Release|Any CPU
	EndGlobalSection
	GlobalSection(ProjectConfigurationPlatforms) = postSolution
		{E35C60D4-6C0B-4D91-8625-7DBD67CA44FF}.Debug|Any CPU.ActiveCfg = Debug|Any CPU
		{E35C60D4-6C0B-4D91-8625-7DBD67CA44FF}.Debug|Any CPU.Build.0 = Debug|Any CPU
		{E35C60D4-6C0B-4D91-8625-7DBD67CA44FF}.Release|Any CPU.ActiveCfg = Release|Any CPU
		{E35C60D4-6C0B-4D91-8625-7DBD67CA44FF}.Release|Any CPU.Build.0 = Release|Any CPU
		{F61650A3-C05A-4C5D-A3A9-3E561CAD7115}.Debug|Any CPU.ActiveCfg = Debug|Any CPU
		{F61650A3-C05A-4C5D-A3A9-3E561CAD7115}.Debug|Any CPU.Build.0 = Debug|Any CPU
		{F61650A3-C05A-4C5D-A3A9-3E561CAD7115}.Release|Any CPU.ActiveCfg = Release|Any CPU
		{F61650A3-C05A-4C5D-A3A9-3E561CAD7115}.Release|Any CPU.Build.0 = Release|Any CPU
	EndGlobalSection
	GlobalSection(SolutionProperties) = preSolution
		HideSolutionNode = FALSE
	EndGlobalSection
	GlobalSection(ExtensibilityGlobals) = postSolution
		SolutionGuid = {14A12D50-52EE-4F3E-B3FF-EFB7DBEE9090}
	EndGlobalSection
EndGlobal
